// !$*UTF8*$!
{
	archiveVersion = 1;
	classes = {
	};
	objectVersion = 46;
	objects = {

/* Begin PBXBuildFile section */
		49AC73991D6B052D00B2DF70 /* ChecklistItem.swift in Sources */ = {isa = PBXBuildFile; fileRef = 49AC73981D6B052D00B2DF70 /* ChecklistItem.swift */; };
		49AC739B1D6C811500B2DF70 /* AddItemViewController.swift in Sources */ = {isa = PBXBuildFile; fileRef = 49AC739A1D6C811500B2DF70 /* AddItemViewController.swift */; };
		49B79F271D3F64F300CA4BBA /* AppDelegate.swift in Sources */ = {isa = PBXBuildFile; fileRef = 49B79F261D3F64F300CA4BBA /* AppDelegate.swift */; };
		49B79F291D3F64F300CA4BBA /* CheckListViewController.swift in Sources */ = {isa = PBXBuildFile; fileRef = 49B79F281D3F64F300CA4BBA /* CheckListViewController.swift */; };
		49B79F2C1D3F64F300CA4BBA /* Main.storyboard in Resources */ = {isa = PBXBuildFile; fileRef = 49B79F2A1D3F64F300CA4BBA /* Main.storyboard */; };
		49B79F2E1D3F64F300CA4BBA /* Assets.xcassets in Resources */ = {isa = PBXBuildFile; fileRef = 49B79F2D1D3F64F300CA4BBA /* Assets.xcassets */; };
		49B79F311D3F64F300CA4BBA /* LaunchScreen.storyboard in Resources */ = {isa = PBXBuildFile; fileRef = 49B79F2F1D3F64F300CA4BBA /* LaunchScreen.storyboard */; };
/* End PBXBuildFile section */

/* Begin PBXFileReference section */
		49AC73981D6B052D00B2DF70 /* ChecklistItem.swift */ = {isa = PBXFileReference; fileEncoding = 4; lastKnownFileType = sourcecode.swift; path = ChecklistItem.swift; sourceTree = "<group>"; };
		49AC739A1D6C811500B2DF70 /* AddItemViewController.swift */ = {isa = PBXFileReference; fileEncoding = 4; lastKnownFileType = sourcecode.swift; path = AddItemViewController.swift; sourceTree = "<group>"; };
		49B79F231D3F64F300CA4BBA /* CheckLists.app */ = {isa = PBXFileReference; explicitFileType = wrapper.application; includeInIndex = 0; path = CheckLists.app; sourceTree = BUILT_PRODUCTS_DIR; };
		49B79F261D3F64F300CA4BBA /* AppDelegate.swift */ = {isa = PBXFileReference; lastKnownFileType = sourcecode.swift; path = AppDelegate.swift; sourceTree = "<group>"; };
		49B79F281D3F64F300CA4BBA /* CheckListViewController.swift */ = {isa = PBXFileReference; lastKnownFileType = sourcecode.swift; path = CheckListViewController.swift; sourceTree = "<group>"; };
		49B79F2B1D3F64F300CA4BBA /* Base */ = {isa = PBXFileReference; lastKnownFileType = file.storyboard; name = Base; path = Base.lproj/Main.storyboard; sourceTree = "<group>"; };
		49B79F2D1D3F64F300CA4BBA /* Assets.xcassets */ = {isa = PBXFileReference; lastKnownFileType = folder.assetcatalog; path = Assets.xcassets; sourceTree = "<group>"; };
		49B79F301D3F64F300CA4BBA /* Base */ = {isa = PBXFileReference; lastKnownFileType = file.storyboard; name = Base; path = Base.lproj/LaunchScreen.storyboard; sourceTree = "<group>"; };
		49B79F321D3F64F300CA4BBA /* Info.plist */ = {isa = PBXFileReference; lastKnownFileType = text.plist.xml; path = Info.plist; sourceTree = "<group>"; };
/* End PBXFileReference section */

/* Begin PBXFrameworksBuildPhase section */
		49B79F201D3F64F300CA4BBA /* Frameworks */ = {
			isa = PBXFrameworksBuildPhase;
			buildActionMask = 2147483647;
			files = (
			);
			runOnlyForDeploymentPostprocessing = 0;
		};
/* End PBXFrameworksBuildPhase section */

/* Begin PBXGroup section */
		49B79F1A1D3F64F300CA4BBA = {
			isa = PBXGroup;
			children = (
				49B79F251D3F64F300CA4BBA /* CheckLists */,
				49B79F241D3F64F300CA4BBA /* Products */,
			);
			sourceTree = "<group>";
		};
		49B79F241D3F64F300CA4BBA /* Products */ = {
			isa = PBXGroup;
			children = (
				49B79F231D3F64F300CA4BBA /* CheckLists.app */,
			);
			name = Products;
			sourceTree = "<group>";
		};
		49B79F251D3F64F300CA4BBA /* CheckLists */ = {
			isa = PBXGroup;
			children = (
				49B79F261D3F64F300CA4BBA /* AppDelegate.swift */,
				49B79F281D3F64F300CA4BBA /* CheckListViewController.swift */,
				49B79F2A1D3F64F300CA4BBA /* Main.storyboard */,
				49B79F2D1D3F64F300CA4BBA /* Assets.xcassets */,
				49B79F2F1D3F64F300CA4BBA /* LaunchScreen.storyboard */,
				49B79F321D3F64F300CA4BBA /* Info.plist */,
				49AC73981D6B052D00B2DF70 /* ChecklistItem.swift */,
				49AC739A1D6C811500B2DF70 /* AddItemViewController.swift */,
			);
			path = CheckLists;
			sourceTree = "<group>";
		};
/* End PBXGroup section */

/* Begin PBXNativeTarget section */
		49B79F221D3F64F300CA4BBA /* CheckLists */ = {
			isa = PBXNativeTarget;
			buildConfigurationList = 49B79F351D3F64F300CA4BBA /* Build configuration list for PBXNativeTarget "CheckLists" */;
			buildPhases = (
				49B79F1F1D3F64F300CA4BBA /* Sources */,
				49B79F201D3F64F300CA4BBA /* Frameworks */,
				49B79F211D3F64F300CA4BBA /* Resources */,
			);
			buildRules = (
			);
			dependencies = (
			);
			name = CheckLists;
			productName = CheckLists;
			productReference = 49B79F231D3F64F300CA4BBA /* CheckLists.app */;
			productType = "com.apple.product-type.application";
		};
/* End PBXNativeTarget section */

/* Begin PBXProject section */
		49B79F1B1D3F64F300CA4BBA /* Project object */ = {
			isa = PBXProject;
			attributes = {
				LastSwiftUpdateCheck = 0730;
				LastUpgradeCheck = 0730;
				ORGANIZATIONNAME = "channabasavesh chandrappa budihal";
				TargetAttributes = {
					49B79F221D3F64F300CA4BBA = {
						CreatedOnToolsVersion = 7.3;
					};
				};
			};
			buildConfigurationList = 49B79F1E1D3F64F300CA4BBA /* Build configuration list for PBXProject "CheckLists" */;
			compatibilityVersion = "Xcode 3.2";
			developmentRegion = English;
			hasScannedForEncodings = 0;
			knownRegions = (
				en,
				Base,
			);
			mainGroup = 49B79F1A1D3F64F300CA4BBA;
			productRefGroup = 49B79F241D3F64F300CA4BBA /* Products */;
			projectDirPath = "";
			projectRoot = "";
			targets = (
				49B79F221D3F64F300CA4BBA /* CheckLists */,
			);
		};
/* End PBXProject section */

/* Begin PBXResourcesBuildPhase section */
		49B79F211D3F64F300CA4BBA /* Resources */ = {
			isa = PBXResourcesBuildPhase;
			buildActionMask = 2147483647;
			files = (
				49B79F311D3F64F300CA4BBA /* LaunchScreen.storyboard in Resources */,
				49B79F2E1D3F64F300CA4BBA /* Assets.xcassets in Resources */,
				49B79F2C1D3F64F300CA4BBA /* Main.storyboard in Resources */,
			);
			runOnlyForDeploymentPostprocessing = 0;
		};
/* End PBXResourcesBuildPhase section */

/* Begin PBXSourcesBuildPhase section */
		49B79F1F1D3F64F300CA4BBA /* Sources */ = {
			isa = PBXSourcesBuildPhase;
			buildActionMask = 2147483647;
			files = (
				49B79F291D3F64F300CA4BBA /* CheckListViewController.swift in Sources */,
				49AC739B1D6C811500B2DF70 /* AddItemViewController.swift in Sources */,
				49AC73991D6B052D00B2DF70 /* ChecklistItem.swift in Sources */,
				49B79F271D3F64F300CA4BBA /* AppDelegate.swift in Sources */,
			);
			runOnlyForDeploymentPostprocessing = 0;
		};
/* End PBXSourcesBuildPhase section */

/* Begin PBXVariantGroup section */
		49B79F2A1D3F64F300CA4BBA /* Main.storyboard */ = {
			isa = PBXVariantGroup;
			children = (
				49B79F2B1D3F64F300CA4BBA /* Base */,
			);
			name = Main.storyboard;
			sourceTree = "<group>";
		};
		49B79F2F1D3F64F300CA4BBA /* LaunchScreen.storyboard */ = {
			isa = PBXVariantGroup;
			children = (
				49B79F301D3F64F300CA4BBA /* Base */,
			);
			name = LaunchScreen.storyboard;
			sourceTree = "<group>";
		};
/* End PBXVariantGroup section */

/* Begin XCBuildConfiguration section */
		49B79F331D3F64F300CA4BBA /* Debug */ = {
			isa = XCBuildConfiguration;
			buildSettings = {
				ALWAYS_SEARCH_USER_PATHS = NO;
				CLANG_ANALYZER_NONNULL = YES;
				CLANG_CXX_LANGUAGE_STANDARD = "gnu++0x";
				CLANG_CXX_LIBRARY = "libc++";
				CLANG_ENABLE_MODULES = YES;
				CLANG_ENABLE_OBJC_ARC = YES;
				CLANG_WARN_BOOL_CONVERSION = YES;
				CLANG_WARN_CONSTANT_CONVERSION = YES;
				CLANG_WARN_DIRECT_OBJC_ISA_USAGE = YES_ERROR;
				CLANG_WARN_EMPTY_BODY = YES;
				CLANG_WARN_ENUM_CONVERSION = YES;
				CLANG_WARN_INT_CONVERSION = YES;
				CLANG_WARN_OBJC_ROOT_CLASS = YES_ERROR;
				CLANG_WARN_UNREACHABLE_CODE = YES;
				CLANG_WARN__DUPLICATE_METHOD_MATCH = YES;
				"CODE_SIGN_IDENTITY[sdk=iphoneos*]" = "iPhone Developer";
				COPY_PHASE_STRIP = NO;
				DEBUG_INFORMATION_FORMAT = dwarf;
				ENABLE_STRICT_OBJC_MSGSEND = YES;
				ENABLE_TESTABILITY = YES;
				GCC_C_LANGUAGE_STANDARD = gnu99;
				GCC_DYNAMIC_NO_PIC = NO;
				GCC_NO_COMMON_BLOCKS = YES;
				GCC_OPTIMIZATION_LEVEL = 0;
				GCC_PREPROCESSOR_DEFINITIONS = (
					"DEBUG=1",
					"$(inherited)",
				);
				GCC_WARN_64_TO_32_BIT_CONVERSION = YES;
				GCC_WARN_ABOUT_RETURN_TYPE = YES_ERROR;
				GCC_WARN_UNDECLARED_SELECTOR = YES;
				GCC_WARN_UNINITIALIZED_AUTOS = YES_AGGRESSIVE;
				GCC_WARN_UNUSED_FUNCTION = YES;
				GCC_WARN_UNUSED_VARIABLE = YES;
				IPHONEOS_DEPLOYMENT_TARGET = 9.3;
				MTL_ENABLE_DEBUG_INFO = YES;
				ONLY_ACTIVE_ARCH = YES;
				SDKROOT = iphoneos;
				SWIFT_OPTIMIZATION_LEVEL = "-Onone";
			};
			name = Debug;
		};
		49B79F341D3F64F300CA4BBA /* Release */ = {
			isa = XCBuildConfiguration;
			buildSettings = {
				ALWAYS_SEARCH_USER_PATHS = NO;
				CLANG_ANALYZER_NONNULL = YES;
				CLANG_CXX_LANGUAGE_STANDARD = "gnu++0x";
				CLANG_CXX_LIBRARY = "libc++";
				CLANG_ENABLE_MODULES = YES;
				CLANG_ENABLE_OBJC_ARC = YES;
				CLANG_WARN_BOOL_CONVERSION = YES;
				CLANG_WARN_CONSTANT_CONVERSION = YES;
				CLANG_WARN_DIRECT_OBJC_ISA_USAGE = YES_ERROR;
				CLANG_WARN_EMPTY_BODY = YES;
				CLANG_WARN_ENUM_CONVERSION = YES;
				CLANG_WARN_INT_CONVERSION = YES;
				CLANG_WARN_OBJC_ROOT_CLASS = YES_ERROR;
				CLANG_WARN_UNREACHABLE_CODE = YES;
				CLANG_WARN__DUPLICATE_METHOD_MATCH = YES;
				"CODE_SIGN_IDENTITY[sdk=iphoneos*]" = "iPhone Developer";
				COPY_PHASE_STRIP = NO;
				DEBUG_INFORMATION_FORMAT = "dwarf-with-dsym";
				ENABLE_NS_ASSERTIONS = NO;
				ENABLE_STRICT_OBJC_MSGSEND = YES;
				GCC_C_LANGUAGE_STANDARD = gnu99;
				GCC_NO_COMMON_BLOCKS = YES;
				GCC_WARN_64_TO_32_BIT_CONVERSION = YES;
				GCC_WARN_ABOUT_RETURN_TYPE = YES_ERROR;
				GCC_WARN_UNDECLARED_SELECTOR = YES;
				GCC_WARN_UNINITIALIZED_AUTOS = YES_AGGRESSIVE;
				GCC_WARN_UNUSED_FUNCTION = YES;
				GCC_WARN_UNUSED_VARIABLE = YES;
				IPHONEOS_DEPLOYMENT_TARGET = 9.3;
				MTL_ENABLE_DEBUG_INFO = NO;
				SDKROOT = iphoneos;
				VALIDATE_PRODUCT = YES;
			};
			name = Release;
		};
		49B79F361D3F64F300CA4BBA /* Debug */ = {
			isa = XCBuildConfiguration;
			buildSettings = {
				ASSETCATALOG_COMPILER_APPICON_NAME = AppIcon;
				INFOPLIST_FILE = CheckLists/Info.plist;
				LD_RUNPATH_SEARCH_PATHS = "$(inherited) @executable_path/Frameworks";
				PRODUCT_BUNDLE_IDENTIFIER = exilant.CheckLists;
				PRODUCT_NAME = "$(TARGET_NAME)";
			};
			name = Debug;
		};
		49B79F371D3F64F300CA4BBA /* Release */ = {
			isa = XCBuildConfiguration;
			buildSettings = {
				ASSETCATALOG_COMPILER_APPICON_NAME = AppIcon;
				INFOPLIST_FILE = CheckLists/Info.plist;
				LD_RUNPATH_SEARCH_PATHS = "$(inherited) @executable_path/Frameworks";
				PRODUCT_BUNDLE_IDENTIFIER = exilant.CheckLists;
				PRODUCT_NAME = "$(TARGET_NAME)";
			};
			name = Release;
		};
/* End XCBuildConfiguration section */

/* Begin XCConfigurationList section */
		49B79F1E1D3F64F300CA4BBA /* Build configuration list for PBXProject "CheckLists" */ = {
			isa = XCConfigurationList;
			buildConfigurations = (
				49B79F331D3F64F300CA4BBA /* Debug */,
				49B79F341D3F64F300CA4BBA /* Release */,
			);
			defaultConfigurationIsVisible = 0;
			defaultConfigurationName = Release;
		};
		49B79F351D3F64F300CA4BBA /* Build configuration list for PBXNativeTarget "CheckLists" */ = {
			isa = XCConfigurationList;
			buildConfigurations = (
				49B79F361D3F64F300CA4BBA /* Debug */,
				49B79F371D3F64F300CA4BBA /* Release */,
			);
			defaultConfigurationIsVisible = 0;
			defaultConfigurationName = Release;
		};
/* End XCConfigurationList section */
	};
	rootObject = 49B79F1B1D3F64F300CA4BBA /* Project object */;
}
